
Microsoft Visual Studio Solution File, Format Version 12.00
# Visual Studio Version 17
VisualStudioVersion = 17.0.31903.59
MinimumVisualStudioVersion = 10.0.40219.1
Project("{2150E333-8FDC-42A3-9474-1A3956D46DE8}") = "src", "src", "{827E0CD3-B72D-47B6-A68D-7590B98EB39B}"
EndProject
Project("{FAE04EC0-301F-11D3-BF4B-00C04F79EFBC}") = "OumezzineAcademy.Domain", "src\OumezzineAcademy.Domain\OumezzineAcademy.Domain.csproj", "{ACD95F51-BB8B-4323-8F78-B7D402E96E29}"
EndProject
Project("{FAE04EC0-301F-11D3-BF4B-00C04F79EFBC}") = "OumezzineAcademy.Application", "src\OumezzineAcademy.Application\OumezzineAcademy.Application.csproj", "{5A6277AA-6A0B-45F0-80AD-F298B41DA57C}"
EndProject
Project("{FAE04EC0-301F-11D3-BF4B-00C04F79EFBC}") = "OumezzineAcademy.Infrastructure", "src\OumezzineAcademy.Infrastructure\OumezzineAcademy.Infrastructure.csproj", "{57491F02-5177-4944-8010-E82B4075BF5E}"
EndProject
Project("{2150E333-8FDC-42A3-9474-1A3956D46DE8}") = "tests", "tests", "{0AB3BF05-4346-4AA6-1389-037BE0695223}"
EndProject
Project("{FAE04EC0-301F-11D3-BF4B-00C04F79EFBC}") = "OumezzineAcademy.Testing", "tests\OumezzineAcademy.Testing\OumezzineAcademy.Testing.csproj", "{27BA61EB-7C75-4230-AB31-AFE88268409C}"
EndProject
Project("{FAE04EC0-301F-11D3-BF4B-00C04F79EFBC}") = "OumezzineAcademy.Domain.Tests", "tests\OumezzineAcademy.Domain.Tests\OumezzineAcademy.Domain.Tests.csproj", "{CB2EEF4E-A5BB-4626-9705-1116772FB520}"
EndProject
Project("{FAE04EC0-301F-11D3-BF4B-00C04F79EFBC}") = "OumezzineAcademy.Application.Tests", "tests\OumezzineAcademy.Application.Tests\OumezzineAcademy.Application.Tests.csproj", "{6003CC3F-FB5A-4A8E-AD72-15F4A7CC26C8}"
EndProject
Project("{FAE04EC0-301F-11D3-BF4B-00C04F79EFBC}") = "OumezzineAcademy.Infrastructure.Tests", "tests\OumezzineAcademy.Infrastructure.Tests\OumezzineAcademy.Infrastructure.Tests.csproj", "{DBAC1322-3923-4080-9BCC-28AB65DDC3E4}"
EndProject
Project("{FAE04EC0-301F-11D3-BF4B-00C04F79EFBC}") = "OumezzineAcademy.Web.Tests", "tests\OumezzineAcademy.Web.Tests\OumezzineAcademy.Web.Tests.csproj", "{3B5C9CEA-B8C7-43FD-92B8-98622B0D4D14}"
EndProject
Project("{FAE04EC0-301F-11D3-BF4B-00C04F79EFBC}") = "OumezzineAcademy.IntegrationTests", "tests\OumezzineAcademy.IntegrationTests\OumezzineAcademy.IntegrationTests.csproj", "{42931016-5FCD-4DDB-AC00-A428AB99BF3C}"
EndProject
Project("{FAE04EC0-301F-11D3-BF4B-00C04F79EFBC}") = "OumezzineAcademy.Web", "src\OumezzineAcademy.Web\OumezzineAcademy.Web.csproj", "{4CFE29ED-5859-4E16-A13C-CBCF5422B212}"
EndProject
Global
	GlobalSection(SolutionConfigurationPlatforms) = preSolution
		Debug|Any CPU = Debug|Any CPU
		Debug|x64 = Debug|x64
		Debug|x86 = Debug|x86
		Release|Any CPU = Release|Any CPU
		Release|x64 = Release|x64
		Release|x86 = Release|x86
	EndGlobalSection
	GlobalSection(ProjectConfigurationPlatforms) = postSolution
		{ACD95F51-BB8B-4323-8F78-B7D402E96E29}.Debug|Any CPU.ActiveCfg = Debug|Any CPU
		{ACD95F51-BB8B-4323-8F78-B7D402E96E29}.Debug|Any CPU.Build.0 = Debug|Any CPU
		{ACD95F51-BB8B-4323-8F78-B7D402E96E29}.Debug|x64.ActiveCfg = Debug|Any CPU
		{ACD95F51-BB8B-4323-8F78-B7D402E96E29}.Debug|x64.Build.0 = Debug|Any CPU
		{ACD95F51-BB8B-4323-8F78-B7D402E96E29}.Debug|x86.ActiveCfg = Debug|Any CPU
		{ACD95F51-BB8B-4323-8F78-B7D402E96E29}.Debug|x86.Build.0 = Debug|Any CPU
		{ACD95F51-BB8B-4323-8F78-B7D402E96E29}.Release|Any CPU.ActiveCfg = Release|Any CPU
		{ACD95F51-BB8B-4323-8F78-B7D402E96E29}.Release|Any CPU.Build.0 = Release|Any CPU
		{ACD95F51-BB8B-4323-8F78-B7D402E96E29}.Release|x64.ActiveCfg = Release|Any CPU
		{ACD95F51-BB8B-4323-8F78-B7D402E96E29}.Release|x64.Build.0 = Release|Any CPU
		{ACD95F51-BB8B-4323-8F78-B7D402E96E29}.Release|x86.ActiveCfg = Release|Any CPU
		{ACD95F51-BB8B-4323-8F78-B7D402E96E29}.Release|x86.Build.0 = Release|Any CPU
		{5A6277AA-6A0B-45F0-80AD-F298B41DA57C}.Debug|Any CPU.ActiveCfg = Debug|Any CPU
		{5A6277AA-6A0B-45F0-80AD-F298B41DA57C}.Debug|Any CPU.Build.0 = Debug|Any CPU
		{5A6277AA-6A0B-45F0-80AD-F298B41DA57C}.Debug|x64.ActiveCfg = Debug|Any CPU
		{5A6277AA-6A0B-45F0-80AD-F298B41DA57C}.Debug|x64.Build.0 = Debug|Any CPU
		{5A6277AA-6A0B-45F0-80AD-F298B41DA57C}.Debug|x86.ActiveCfg = Debug|Any CPU
		{5A6277AA-6A0B-45F0-80AD-F298B41DA57C}.Debug|x86.Build.0 = Debug|Any CPU
		{5A6277AA-6A0B-45F0-80AD-F298B41DA57C}.Release|Any CPU.ActiveCfg = Release|Any CPU
		{5A6277AA-6A0B-45F0-80AD-F298B41DA57C}.Release|Any CPU.Build.0 = Release|Any CPU
		{5A6277AA-6A0B-45F0-80AD-F298B41DA57C}.Release|x64.ActiveCfg = Release|Any CPU
		{5A6277AA-6A0B-45F0-80AD-F298B41DA57C}.Release|x64.Build.0 = Release|Any CPU
		{5A6277AA-6A0B-45F0-80AD-F298B41DA57C}.Release|x86.ActiveCfg = Release|Any CPU
		{5A6277AA-6A0B-45F0-80AD-F298B41DA57C}.Release|x86.Build.0 = Release|Any CPU
		{57491F02-5177-4944-8010-E82B4075BF5E}.Debug|Any CPU.ActiveCfg = Debug|Any CPU
		{57491F02-5177-4944-8010-E82B4075BF5E}.Debug|Any CPU.Build.0 = Debug|Any CPU
		{57491F02-5177-4944-8010-E82B4075BF5E}.Debug|x64.ActiveCfg = Debug|Any CPU
		{57491F02-5177-4944-8010-E82B4075BF5E}.Debug|x64.Build.0 = Debug|Any CPU
		{57491F02-5177-4944-8010-E82B4075BF5E}.Debug|x86.ActiveCfg = Debug|Any CPU
		{57491F02-5177-4944-8010-E82B4075BF5E}.Debug|x86.Build.0 = Debug|Any CPU
		{57491F02-5177-4944-8010-E82B4075BF5E}.Release|Any CPU.ActiveCfg = Release|Any CPU
		{57491F02-5177-4944-8010-E82B4075BF5E}.Release|Any CPU.Build.0 = Release|Any CPU
		{57491F02-5177-4944-8010-E82B4075BF5E}.Release|x64.ActiveCfg = Release|Any CPU
		{57491F02-5177-4944-8010-E82B4075BF5E}.Release|x64.Build.0 = Release|Any CPU
		{57491F02-5177-4944-8010-E82B4075BF5E}.Release|x86.ActiveCfg = Release|Any CPU
		{57491F02-5177-4944-8010-E82B4075BF5E}.Release|x86.Build.0 = Release|Any CPU
		{27BA61EB-7C75-4230-AB31-AFE88268409C}.Debug|Any CPU.ActiveCfg = Debug|Any CPU
		{27BA61EB-7C75-4230-AB31-AFE88268409C}.Debug|Any CPU.Build.0 = Debug|Any CPU
		{27BA61EB-7C75-4230-AB31-AFE88268409C}.Debug|x64.ActiveCfg = Debug|Any CPU
		{27BA61EB-7C75-4230-AB31-AFE88268409C}.Debug|x64.Build.0 = Debug|Any CPU
		{27BA61EB-7C75-4230-AB31-AFE88268409C}.Debug|x86.ActiveCfg = Debug|Any CPU
		{27BA61EB-7C75-4230-AB31-AFE88268409C}.Debug|x86.Build.0 = Debug|Any CPU
		{27BA61EB-7C75-4230-AB31-AFE88268409C}.Release|Any CPU.ActiveCfg = Release|Any CPU
		{27BA61EB-7C75-4230-AB31-AFE88268409C}.Release|Any CPU.Build.0 = Release|Any CPU
		{27BA61EB-7C75-4230-AB31-AFE88268409C}.Release|x64.ActiveCfg = Release|Any CPU
		{27BA61EB-7C75-4230-AB31-AFE88268409C}.Release|x64.Build.0 = Release|Any CPU
		{27BA61EB-7C75-4230-AB31-AFE88268409C}.Release|x86.ActiveCfg = Release|Any CPU
		{27BA61EB-7C75-4230-AB31-AFE88268409C}.Release|x86.Build.0 = Release|Any CPU
		{CB2EEF4E-A5BB-4626-9705-1116772FB520}.Debug|Any CPU.ActiveCfg = Debug|Any CPU
		{CB2EEF4E-A5BB-4626-9705-1116772FB520}.Debug|Any CPU.Build.0 = Debug|Any CPU
		{CB2EEF4E-A5BB-4626-9705-1116772FB520}.Debug|x64.ActiveCfg = Debug|Any CPU
		{CB2EEF4E-A5BB-4626-9705-1116772FB520}.Debug|x64.Build.0 = Debug|Any CPU
		{CB2EEF4E-A5BB-4626-9705-1116772FB520}.Debug|x86.ActiveCfg = Debug|Any CPU
		{CB2EEF4E-A5BB-4626-9705-1116772FB520}.Debug|x86.Build.0 = Debug|Any CPU
		{CB2EEF4E-A5BB-4626-9705-1116772FB520}.Release|Any CPU.ActiveCfg = Release|Any CPU
		{CB2EEF4E-A5BB-4626-9705-1116772FB520}.Release|Any CPU.Build.0 = Release|Any CPU
		{CB2EEF4E-A5BB-4626-9705-1116772FB520}.Release|x64.ActiveCfg = Release|Any CPU
		{CB2EEF4E-A5BB-4626-9705-1116772FB520}.Release|x64.Build.0 = Release|Any CPU
		{CB2EEF4E-A5BB-4626-9705-1116772FB520}.Release|x86.ActiveCfg = Release|Any CPU
		{CB2EEF4E-A5BB-4626-9705-1116772FB520}.Release|x86.Build.0 = Release|Any CPU
		{6003CC3F-FB5A-4A8E-AD72-15F4A7CC26C8}.Debug|Any CPU.ActiveCfg = Debug|Any CPU
		{6003CC3F-FB5A-4A8E-AD72-15F4A7CC26C8}.Debug|Any CPU.Build.0 = Debug|Any CPU
		{6003CC3F-FB5A-4A8E-AD72-15F4A7CC26C8}.Debug|x64.ActiveCfg = Debug|Any CPU
		{6003CC3F-FB5A-4A8E-AD72-15F4A7CC26C8}.Debug|x64.Build.0 = Debug|Any CPU
		{6003CC3F-FB5A-4A8E-AD72-15F4A7CC26C8}.Debug|x86.ActiveCfg = Debug|Any CPU
		{6003CC3F-FB5A-4A8E-AD72-15F4A7CC26C8}.Debug|x86.Build.0 = Debug|Any CPU
		{6003CC3F-FB5A-4A8E-AD72-15F4A7CC26C8}.Release|Any CPU.ActiveCfg = Release|Any CPU
		{6003CC3F-FB5A-4A8E-AD72-15F4A7CC26C8}.Release|Any CPU.Build.0 = Release|Any CPU
		{6003CC3F-FB5A-4A8E-AD72-15F4A7CC26C8}.Release|x64.ActiveCfg = Release|Any CPU
		{6003CC3F-FB5A-4A8E-AD72-15F4A7CC26C8}.Release|x64.Build.0 = Release|Any CPU
		{6003CC3F-FB5A-4A8E-AD72-15F4A7CC26C8}.Release|x86.ActiveCfg = Release|Any CPU
		{6003CC3F-FB5A-4A8E-AD72-15F4A7CC26C8}.Release|x86.Build.0 = Release|Any CPU
		{DBAC1322-3923-4080-9BCC-28AB65DDC3E4}.Debug|Any CPU.ActiveCfg = Debug|Any CPU
		{DBAC1322-3923-4080-9BCC-28AB65DDC3E4}.Debug|Any CPU.Build.0 = Debug|Any CPU
		{DBAC1322-3923-4080-9BCC-28AB65DDC3E4}.Debug|x64.ActiveCfg = Debug|Any CPU
		{DBAC1322-3923-4080-9BCC-28AB65DDC3E4}.Debug|x64.Build.0 = Debug|Any CPU
		{DBAC1322-3923-4080-9BCC-28AB65DDC3E4}.Debug|x86.ActiveCfg = Debug|Any CPU
		{DBAC1322-3923-4080-9BCC-28AB65DDC3E4}.Debug|x86.Build.0 = Debug|Any CPU
		{DBAC1322-3923-4080-9BCC-28AB65DDC3E4}.Release|Any CPU.ActiveCfg = Release|Any CPU
		{DBAC1322-3923-4080-9BCC-28AB65DDC3E4}.Release|Any CPU.Build.0 = Release|Any CPU
		{DBAC1322-3923-4080-9BCC-28AB65DDC3E4}.Release|x64.ActiveCfg = Release|Any CPU
		{DBAC1322-3923-4080-9BCC-28AB65DDC3E4}.Release|x64.Build.0 = Release|Any CPU
		{DBAC1322-3923-4080-9BCC-28AB65DDC3E4}.Release|x86.ActiveCfg = Release|Any CPU
		{DBAC1322-3923-4080-9BCC-28AB65DDC3E4}.Release|x86.Build.0 = Release|Any CPU
		{3B5C9CEA-B8C7-43FD-92B8-98622B0D4D14}.Debug|Any CPU.ActiveCfg = Debug|Any CPU
		{3B5C9CEA-B8C7-43FD-92B8-98622B0D4D14}.Debug|Any CPU.Build.0 = Debug|Any CPU
		{3B5C9CEA-B8C7-43FD-92B8-98622B0D4D14}.Debug|x64.ActiveCfg = Debug|Any CPU
		{3B5C9CEA-B8C7-43FD-92B8-98622B0D4D14}.Debug|x64.Build.0 = Debug|Any CPU
		{3B5C9CEA-B8C7-43FD-92B8-98622B0D4D14}.Debug|x86.ActiveCfg = Debug|Any CPU
		{3B5C9CEA-B8C7-43FD-92B8-98622B0D4D14}.Debug|x86.Build.0 = Debug|Any CPU
		{3B5C9CEA-B8C7-43FD-92B8-98622B0D4D14}.Release|Any CPU.ActiveCfg = Release|Any CPU
		{3B5C9CEA-B8C7-43FD-92B8-98622B0D4D14}.Release|Any CPU.Build.0 = Release|Any CPU
		{3B5C9CEA-B8C7-43FD-92B8-98622B0D4D14}.Release|x64.ActiveCfg = Release|Any CPU
		{3B5C9CEA-B8C7-43FD-92B8-98622B0D4D14}.Release|x64.Build.0 = Release|Any CPU
		{3B5C9CEA-B8C7-43FD-92B8-98622B0D4D14}.Release|x86.ActiveCfg = Release|Any CPU
		{3B5C9CEA-B8C7-43FD-92B8-98622B0D4D14}.Release|x86.Build.0 = Release|Any CPU
		{42931016-5FCD-4DDB-AC00-A428AB99BF3C}.Debug|Any CPU.ActiveCfg = Debug|Any CPU
		{42931016-5FCD-4DDB-AC00-A428AB99BF3C}.Debug|Any CPU.Build.0 = Debug|Any CPU
		{42931016-5FCD-4DDB-AC00-A428AB99BF3C}.Debug|x64.ActiveCfg = Debug|Any CPU
		{42931016-5FCD-4DDB-AC00-A428AB99BF3C}.Debug|x64.Build.0 = Debug|Any CPU
		{42931016-5FCD-4DDB-AC00-A428AB99BF3C}.Debug|x86.ActiveCfg = Debug|Any CPU
		{42931016-5FCD-4DDB-AC00-A428AB99BF3C}.Debug|x86.Build.0 = Debug|Any CPU
		{42931016-5FCD-4DDB-AC00-A428AB99BF3C}.Release|Any CPU.ActiveCfg = Release|Any CPU
		{42931016-5FCD-4DDB-AC00-A428AB99BF3C}.Release|Any CPU.Build.0 = Release|Any CPU
		{42931016-5FCD-4DDB-AC00-A428AB99BF3C}.Release|x64.ActiveCfg = Release|Any CPU
		{42931016-5FCD-4DDB-AC00-A428AB99BF3C}.Release|x64.Build.0 = Release|Any CPU
		{42931016-5FCD-4DDB-AC00-A428AB99BF3C}.Release|x86.ActiveCfg = Release|Any CPU
		{42931016-5FCD-4DDB-AC00-A428AB99BF3C}.Release|x86.Build.0 = Release|Any CPU
		{4CFE29ED-5859-4E16-A13C-CBCF5422B212}.Debug|Any CPU.ActiveCfg = Debug|Any CPU
		{4CFE29ED-5859-4E16-A13C-CBCF5422B212}.Debug|Any CPU.Build.0 = Debug|Any CPU
		{4CFE29ED-5859-4E16-A13C-CBCF5422B212}.Debug|x64.ActiveCfg = Debug|Any CPU
		{4CFE29ED-5859-4E16-A13C-CBCF5422B212}.Debug|x64.Build.0 = Debug|Any CPU
		{4CFE29ED-5859-4E16-A13C-CBCF5422B212}.Debug|x86.ActiveCfg = Debug|Any CPU
		{4CFE29ED-5859-4E16-A13C-CBCF5422B212}.Debug|x86.Build.0 = Debug|Any CPU
		{4CFE29ED-5859-4E16-A13C-CBCF5422B212}.Release|Any CPU.ActiveCfg = Release|Any CPU
		{4CFE29ED-5859-4E16-A13C-CBCF5422B212}.Release|Any CPU.Build.0 = Release|Any CPU
		{4CFE29ED-5859-4E16-A13C-CBCF5422B212}.Release|x64.ActiveCfg = Release|Any CPU
		{4CFE29ED-5859-4E16-A13C-CBCF5422B212}.Release|x64.Build.0 = Release|Any CPU
		{4CFE29ED-5859-4E16-A13C-CBCF5422B212}.Release|x86.ActiveCfg = Release|Any CPU
		{4CFE29ED-5859-4E16-A13C-CBCF5422B212}.Release|x86.Build.0 = Release|Any CPU
	EndGlobalSection
	GlobalSection(SolutionProperties) = preSolution
		HideSolutionNode = FALSE
	EndGlobalSection
	GlobalSection(NestedProjects) = preSolution
		{ACD95F51-BB8B-4323-8F78-B7D402E96E29} = {827E0CD3-B72D-47B6-A68D-7590B98EB39B}
		{5A6277AA-6A0B-45F0-80AD-F298B41DA57C} = {827E0CD3-B72D-47B6-A68D-7590B98EB39B}
		{57491F02-5177-4944-8010-E82B4075BF5E} = {827E0CD3-B72D-47B6-A68D-7590B98EB39B}
		{27BA61EB-7C75-4230-AB31-AFE88268409C} = {0AB3BF05-4346-4AA6-1389-037BE0695223}
		{CB2EEF4E-A5BB-4626-9705-1116772FB520} = {0AB3BF05-4346-4AA6-1389-037BE0695223}
		{6003CC3F-FB5A-4A8E-AD72-15F4A7CC26C8} = {0AB3BF05-4346-4AA6-1389-037BE0695223}
		{DBAC1322-3923-4080-9BCC-28AB65DDC3E4} = {0AB3BF05-4346-4AA6-1389-037BE0695223}
		{3B5C9CEA-B8C7-43FD-92B8-98622B0D4D14} = {0AB3BF05-4346-4AA6-1389-037BE0695223}
		{42931016-5FCD-4DDB-AC00-A428AB99BF3C} = {0AB3BF05-4346-4AA6-1389-037BE0695223}
		{4CFE29ED-5859-4E16-A13C-CBCF5422B212} = {827E0CD3-B72D-47B6-A68D-7590B98EB39B}
	EndGlobalSection
EndGlobal
